<?xml version="1.0" encoding="utf-8"?>
<Project ToolsVersion="4.0" xmlns="http://schemas.microsoft.com/developer/msbuild/2003">
  <ItemGroup>
    <ClCompile Include="AABB.cpp">
      <Filter>source</Filter>
    </ClCompile>
    <ClCompile Include="Game.cpp">
      <Filter>source</Filter>
    </ClCompile>
    <ClCompile Include="main.cpp">
      <Filter>source</Filter>
    </ClCompile>
    <ClCompile Include="Renderer.cpp">
      <Filter>source</Filter>
    </ClCompile>
    <ClCompile Include="ResourceManager.cpp">
      <Filter>source</Filter>
    </ClCompile>
    <ClCompile Include="Shader.cpp">
      <Filter>source</Filter>
    </ClCompile>
    <ClCompile Include="TextRenderer.cpp">
      <Filter>source</Filter>
    </ClCompile>
    <ClCompile Include="Texture.cpp">
      <Filter>source</Filter>
    </ClCompile>
    <ClCompile Include="Brick.cpp">
      <Filter>source</Filter>
    </ClCompile>
    <ClCompile Include="Coin.cpp">
      <Filter>source</Filter>
    </ClCompile>
    <ClCompile Include="Mario.cpp">
      <Filter>source</Filter>
    </ClCompile>
    <ClCompile Include="..\libraries\Include\glad\glad.c">
      <Filter>source\shaders, tools</Filter>
    </ClCompile>
    <ClCompile Include="DynamicObject.cpp" />
  </ItemGroup>
  <ItemGroup>
    <ClInclude Include="AABB.h">
      <Filter>headers</Filter>
    </ClInclude>
    <ClInclude Include="Game.h">
      <Filter>headers</Filter>
    </ClInclude>
    <ClInclude Include="GameObject.h">
      <Filter>headers</Filter>
    </ClInclude>
    <ClInclude Include="Renderer.h">
      <Filter>headers</Filter>
    </ClInclude>
    <ClInclude Include="ResourceManager.h">
      <Filter>headers</Filter>
    </ClInclude>
    <ClInclude Include="Texture.h">
      <Filter>headers</Filter>
    </ClInclude>
    <ClInclude Include="TextRenderer.h">
      <Filter>headers</Filter>
    </ClInclude>
    <ClInclude Include="Shader.h">
      <Filter>headers</Filter>
    </ClInclude>
    <ClInclude Include="DynamicObject.h">
      <Filter>headers</Filter>
    </ClInclude>
    <ClInclude Include="Brick.h">
      <Filter>headers</Filter>
    </ClInclude>
    <ClInclude Include="Coin.h">
      <Filter>headers</Filter>
    </ClInclude>
    <ClInclude Include="Person.h">
      <Filter>headers</Filter>
    </ClInclude>
    <ClInclude Include="Mario.h">
      <Filter>headers</Filter>
    </ClInclude>
  </ItemGroup>
  <ItemGroup>
    <None Include="..\shaders\fShader.ft">
      <Filter>source\shaders, tools</Filter>
    </None>
    <None Include="..\shaders\fTxtShader.ft">
      <Filter>source\shaders, tools</Filter>
    </None>
    <None Include="..\shaders\vShader.vx">
      <Filter>source\shaders, tools</Filter>
    </None>
    <None Include="..\shaders\vTxtShader.vx">
      <Filter>source\shaders, tools</Filter>
    </None>
  </ItemGroup>
  <ItemGroup>
    <Filter Include="source">
      <UniqueIdentifier>{39c60a6e-e067-46cc-9311-26003bdb620a}</UniqueIdentifier>
    </Filter>
    <Filter Include="headers">
      <UniqueIdentifier>{0a2ace80-1861-44f0-bfbc-9cab24baba6e}</UniqueIdentifier>
    </Filter>
    <Filter Include="source\shaders, tools">
      <UniqueIdentifier>{f8d9b67c-bc92-43d4-b2eb-845028db9ee0}</UniqueIdentifier>
    </Filter>
  </ItemGroup>
</Project>